{
    "name": "@github/copilot-language-server",
    "version": "1.536.0",
    "lockfileVersion": 3,
    "requires": true,
    "packages": {
        "": {
            "name": "@github/copilot-language-server",
            "version": "1.536.0",
            "license": "MIT",
            "dependencies": {
                "vscode-languageserver-protocol": "^3.17.5"
            },
            "bin": {
                "copilot-language-server": "dist/language-server.js"
            },
            "optionalDependencies": {
                "@github/copilot-darwin-arm64": "1.0.79",
                "@github/copilot-darwin-x64": "1.0.79",
                "@github/copilot-language-server-darwin-arm64": "1.536.0",
                "@github/copilot-language-server-darwin-x64": "1.536.0",
                "@github/copilot-language-server-linux-arm64": "1.536.0",
                "@github/copilot-language-server-linux-x64": "1.536.0",
                "@github/copilot-language-server-win32-arm64": "1.536.0",
                "@github/copilot-language-server-win32-x64": "1.536.0",
                "@github/copilot-linux-arm64": "1.0.79",
                "@github/copilot-linux-x64": "1.0.79",
                "@github/copilot-win32-arm64": "1.0.79",
                "@github/copilot-win32-x64": "1.0.79"
            }
        },
        "node_modules/@github/copilot-darwin-arm64": {
            "version": "1.0.79",
            "resolved": "https://registry.npmjs.org/@github/copilot-darwin-arm64/-/copilot-darwin-arm64-1.0.79.tgz",
            "integrity": "sha512-rsw7JoMvlcxXb0yx08oIeEc0x2hUEwKSfhX9ESKfdMVt0Ckrzm4OEvNUyzOpOnLJ9+l3h/aI+u1w5g2ZU2K7UA==",
            "cpu": [
                "arm64"
            ],
            "license": "SEE LICENSE IN LICENSE.md",
            "optional": true,
            "os": [
                "darwin"
            ],
            "bin": {
                "copilot-darwin-arm64": "copilot"
            }
        },
        "node_modules/@github/copilot-darwin-x64": {
            "version": "1.0.79",
            "resolved": "https://registry.npmjs.org/@github/copilot-darwin-x64/-/copilot-darwin-x64-1.0.79.tgz",
            "integrity": "sha512-D983e2lXYnq+KhjA8mTZXonY1+LGfJN9BM195J73shUvx49nRJmibDHWLvVtGeYc+43evGUOAQrOqOspAhhWPQ==",
            "cpu": [
                "x64"
            ],
            "license": "SEE LICENSE IN LICENSE.md",
            "optional": true,
            "os": [
                "darwin"
            ],
            "bin": {
                "copilot-darwin-x64": "copilot"
            }
        },
        "node_modules/@github/copilot-language-server-darwin-arm64": {
            "version": "1.536.0",
            "resolved": "https://registry.npmjs.org/@github/copilot-language-server-darwin-arm64/-/copilot-language-server-darwin-arm64-1.536.0.tgz",
            "integrity": "sha512-zePbgIlMMcjpUNNF0Kg9JwWUqguZiKuCTW0HrJX79VzZJx/KOrS72l9PQR71ckbbSFqCSEqGvSBA9Oe1f+cSmw==",
            "cpu": [
                "arm64"
            ],
            "license": "MIT",
            "optional": true,
            "os": [
                "darwin"
            ]
        },
        "node_modules/@github/copilot-language-server-darwin-x64": {
            "version": "1.536.0",
            "resolved": "https://registry.npmjs.org/@github/copilot-language-server-darwin-x64/-/copilot-language-server-darwin-x64-1.536.0.tgz",
            "integrity": "sha512-TtBYZQ+ApTqvGEOUghXfdUlX/Qq6/f94ZJbmTLFQpmDHSnm6RDDhjOOeDZi8ke0e6AESTLtUkjQjGhQDOsP+jA==",
            "cpu": [
                "x64"
            ],
            "license": "MIT",
            "optional": true,
            "os": [
                "darwin"
            ]
        },
        "node_modules/@github/copilot-language-server-linux-arm64": {
            "version": "1.536.0",
            "resolved": "https://registry.npmjs.org/@github/copilot-language-server-linux-arm64/-/copilot-language-server-linux-arm64-1.536.0.tgz",
            "integrity": "sha512-R98nP3xfcA5ude42PZUJTPel3+GmNgfX8C3sK5dQDpRaMUUVNQAQFitYIcoYWtmCCSdkMGef2pfk1rYAn5a4og==",
            "cpu": [
                "arm64"
            ],
            "license": "MIT",
            "optional": true,
            "os": [
                "linux"
            ]
        },
        "node_modules/@github/copilot-language-server-linux-x64": {
            "version": "1.536.0",
            "resolved": "https://registry.npmjs.org/@github/copilot-language-server-linux-x64/-/copilot-language-server-linux-x64-1.536.0.tgz",
            "integrity": "sha512-50xhw1SyiISv1/vjQyJNzk0OZZSRGMzfaHvLTsKXT5T2ql/LpsmxLb8kmDwzswGlkxUuTQ6ypgDcQdUBHLchHg==",
            "cpu": [
                "x64"
            ],
            "license": "MIT",
            "optional": true,
            "os": [
                "linux"
            ]
        },
        "node_modules/@github/copilot-language-server-win32-arm64": {
            "version": "1.536.0",
            "resolved": "https://registry.npmjs.org/@github/copilot-language-server-win32-arm64/-/copilot-language-server-win32-arm64-1.536.0.tgz",
            "integrity": "sha512-hYxLiKwZvc9ohxrHQ/bhWGEX1jAIkml2GnkuVSUxvQOvlCWt0Y2UGxjnJm2hQbEyoPLvYlJXOX5gLyfVLr0M5w==",
            "cpu": [
                "arm64"
            ],
            "license": "MIT",
            "optional": true,
            "os": [
                "win32"
            ]
        },
        "node_modules/@github/copilot-language-server-win32-x64": {
            "version": "1.536.0",
            "resolved": "https://registry.npmjs.org/@github/copilot-language-server-win32-x64/-/copilot-language-server-win32-x64-1.536.0.tgz",
            "integrity": "sha512-FnEKMpGD4FTJkj+ifPLqyAFkZHA6g8QwclP0xuc8gnSEBX3Z5c70UC7aDc+8WudC9FR/epkubjF82ZPmgLRoyA==",
            "cpu": [
                "x64"
            ],
            "license": "MIT",
            "optional": true,
            "os": [
                "win32"
            ]
        },
        "node_modules/@github/copilot-linux-arm64": {
            "version": "1.0.79",
            "resolved": "https://registry.npmjs.org/@github/copilot-linux-arm64/-/copilot-linux-arm64-1.0.79.tgz",
            "integrity": "sha512-qqaNkvi92Wg+4OZk/kTWC2nUG72G0vV6eRAo5+PnKaPmjdX1GsI0a+lPxXPEbzX0zYLi/8yrUyANwyyNEsGgXA==",
            "cpu": [
                "arm64"
            ],
            "libc": [
                "glibc"
            ],
            "license": "SEE LICENSE IN LICENSE.md",
            "optional": true,
            "os": [
                "linux"
            ],
            "bin": {
                "copilot-linux-arm64": "copilot"
            }
        },
        "node_modules/@github/copilot-linux-x64": {
            "version": "1.0.79",
            "resolved": "https://registry.npmjs.org/@github/copilot-linux-x64/-/copilot-linux-x64-1.0.79.tgz",
            "integrity": "sha512-wzotZfvHkItutciLFMXZT2k9Qiii4Ta8tsVDCMQ7CP8hPxV91FyJ1yf3+FFSSfPvWrfYM6BOAiqIuX+LjgRuiw==",
            "cpu": [
                "x64"
            ],
            "libc": [
                "glibc"
            ],
            "license": "SEE LICENSE IN LICENSE.md",
            "optional": true,
            "os": [
                "linux"
            ],
            "bin": {
                "copilot-linux-x64": "copilot"
            }
        },
        "node_modules/@github/copilot-win32-arm64": {
            "version": "1.0.79",
            "resolved": "https://registry.npmjs.org/@github/copilot-win32-arm64/-/copilot-win32-arm64-1.0.79.tgz",
            "integrity": "sha512-5wg/ayCBTVy4g4FdO/9BJZRVARY0sgjAn9rBkw5BSJMv4u7Mvxg5Sftlift+V5UWxTyCSHAELZ5IHKvox4Yi8w==",
            "cpu": [
                "arm64"
            ],
            "license": "SEE LICENSE IN LICENSE.md",
            "optional": true,
            "os": [
                "win32"
            ],
            "bin": {
                "copilot-win32-arm64": "copilot.exe"
            }
        },
        "node_modules/@github/copilot-win32-x64": {
            "version": "1.0.79",
            "resolved": "https://registry.npmjs.org/@github/copilot-win32-x64/-/copilot-win32-x64-1.0.79.tgz",
            "integrity": "sha512-FTpThWwwCDYnLdE0pfdo5zpAQLLVg36kmC2IKyVMuCYv9iPe7rE1mz7ng/UITN9M3TAMBrwHSvCV3pITvw4W8Q==",
            "cpu": [
                "x64"
            ],
            "license": "SEE LICENSE IN LICENSE.md",
            "optional": true,
            "os": [
                "win32"
            ],
            "bin": {
                "copilot-win32-x64": "copilot.exe"
            }
        },
        "node_modules/vscode-jsonrpc": {
            "version": "9.0.1",
            "resolved": "https://registry.npmjs.org/vscode-jsonrpc/-/vscode-jsonrpc-9.0.1.tgz",
            "integrity": "sha512-rfuA6T75H6m5EkbhtEPzre9pT0HPcDI2MMy4+nPFIBks5J8JBAUHD4tRYSgaBOijIEC7SRkC1kKyXTLqbmh9jw==",
            "license": "MIT",
            "engines": {
                "node": ">=14.0.0"
            }
        },
        "node_modules/vscode-languageserver-protocol": {
            "version": "3.18.2",
            "resolved": "https://registry.npmjs.org/vscode-languageserver-protocol/-/vscode-languageserver-protocol-3.18.2.tgz",
            "integrity": "sha512-XRyDbT0Pp3sSNti3JmxVEUMySWCSi1hhM+/KUlCy1hV1zmrqpM1OwO12EAki8blhmLuIMpaJrYbo0OzGVfK2Qg==",
            "license": "MIT",
            "dependencies": {
                "vscode-jsonrpc": "9.0.1",
                "vscode-languageserver-types": "3.18.0"
            }
        },
        "node_modules/vscode-languageserver-types": {
            "version": "3.18.0",
            "resolved": "https://registry.npmjs.org/vscode-languageserver-types/-/vscode-languageserver-types-3.18.0.tgz",
            "integrity": "sha512-8TsGPNMIMiiBdkORgRSvLjuiEIiAFtO+KssmYWxQ+uSVvlf7RjK8YKCOjPzZ+YA04jXEV7+7LvkSmHkhpNS99g==",
            "license": "MIT"
        }
    }
}
